
Microsoft Visual Studio Solution File, Format Version 12.00
# Visual Studio Version 18
VisualStudioVersion = 18.0.0.0
MinimumVisualStudioVersion = 10.0.40219.1
Project("{FAE04EC0-301F-11D3-BF4B-00C04F79EFBC}") = "Kankei.Desktop", "src\Kankei.Desktop\Kankei.Desktop.csproj", "{C52CE8D9-0FCD-4621-B5AA-33DCD2894076}"
EndProject
Project("{2150E333-8FDC-42A3-9474-1A3956D46DE8}") = "tests", "tests", "{0AB3BF05-4346-4AA6-1389-037BE0695223}"
EndProject
Project("{FAE04EC0-301F-11D3-BF4B-00C04F79EFBC}") = "Kankei.Tests", "tests\Kankei.Tests\Kankei.Tests.csproj", "{DC917D83-4DB0-4458-BEEC-ECEC5B721FF5}"
EndProject
Project("{2150E333-8FDC-42A3-9474-1A3956D46DE8}") = "src", "src", "{827E0CD3-B72D-47B6-A68D-7590B98EB39B}"
EndProject
Project("{FAE04EC0-301F-11D3-BF4B-00C04F79EFBC}") = "Kankei.TestServer", "tests\Kankei.TestServer\Kankei.TestServer.csproj", "{2B172686-87B2-4512-909E-3E7AEC7B7282}"
EndProject
Global
	GlobalSection(SolutionConfigurationPlatforms) = preSolution
		Debug|Any CPU = Debug|Any CPU
		Debug|x64 = Debug|x64
		Debug|x86 = Debug|x86
		Release|Any CPU = Release|Any CPU
		Release|x64 = Release|x64
		Release|x86 = Release|x86
	EndGlobalSection
	GlobalSection(ProjectConfigurationPlatforms) = postSolution
		{C52CE8D9-0FCD-4621-B5AA-33DCD2894076}.Debug|Any CPU.ActiveCfg = Debug|Any CPU
		{C52CE8D9-0FCD-4621-B5AA-33DCD2894076}.Debug|Any CPU.Build.0 = Debug|Any CPU
		{C52CE8D9-0FCD-4621-B5AA-33DCD2894076}.Debug|x64.ActiveCfg = Debug|Any CPU
		{C52CE8D9-0FCD-4621-B5AA-33DCD2894076}.Debug|x64.Build.0 = Debug|Any CPU
		{C52CE8D9-0FCD-4621-B5AA-33DCD2894076}.Debug|x86.ActiveCfg = Debug|Any CPU
		{C52CE8D9-0FCD-4621-B5AA-33DCD2894076}.Debug|x86.Build.0 = Debug|Any CPU
		{C52CE8D9-0FCD-4621-B5AA-33DCD2894076}.Release|Any CPU.ActiveCfg = Release|Any CPU
		{C52CE8D9-0FCD-4621-B5AA-33DCD2894076}.Release|Any CPU.Build.0 = Release|Any CPU
		{C52CE8D9-0FCD-4621-B5AA-33DCD2894076}.Release|x64.ActiveCfg = Release|Any CPU
		{C52CE8D9-0FCD-4621-B5AA-33DCD2894076}.Release|x64.Build.0 = Release|Any CPU
		{C52CE8D9-0FCD-4621-B5AA-33DCD2894076}.Release|x86.ActiveCfg = Release|Any CPU
		{C52CE8D9-0FCD-4621-B5AA-33DCD2894076}.Release|x86.Build.0 = Release|Any CPU
		{DC917D83-4DB0-4458-BEEC-ECEC5B721FF5}.Debug|Any CPU.ActiveCfg = Debug|Any CPU
		{DC917D83-4DB0-4458-BEEC-ECEC5B721FF5}.Debug|Any CPU.Build.0 = Debug|Any CPU
		{DC917D83-4DB0-4458-BEEC-ECEC5B721FF5}.Debug|x64.ActiveCfg = Debug|Any CPU
		{DC917D83-4DB0-4458-BEEC-ECEC5B721FF5}.Debug|x64.Build.0 = Debug|Any CPU
		{DC917D83-4DB0-4458-BEEC-ECEC5B721FF5}.Debug|x86.ActiveCfg = Debug|Any CPU
		{DC917D83-4DB0-4458-BEEC-ECEC5B721FF5}.Debug|x86.Build.0 = Debug|Any CPU
		{DC917D83-4DB0-4458-BEEC-ECEC5B721FF5}.Release|Any CPU.ActiveCfg = Release|Any CPU
		{DC917D83-4DB0-4458-BEEC-ECEC5B721FF5}.Release|Any CPU.Build.0 = Release|Any CPU
		{DC917D83-4DB0-4458-BEEC-ECEC5B721FF5}.Release|x64.ActiveCfg = Release|Any CPU
		{DC917D83-4DB0-4458-BEEC-ECEC5B721FF5}.Release|x64.Build.0 = Release|Any CPU
		{DC917D83-4DB0-4458-BEEC-ECEC5B721FF5}.Release|x86.ActiveCfg = Release|Any CPU
		{DC917D83-4DB0-4458-BEEC-ECEC5B721FF5}.Release|x86.Build.0 = Release|Any CPU
		{2B172686-87B2-4512-909E-3E7AEC7B7282}.Debug|Any CPU.ActiveCfg = Debug|Any CPU
		{2B172686-87B2-4512-909E-3E7AEC7B7282}.Debug|Any CPU.Build.0 = Debug|Any CPU
		{2B172686-87B2-4512-909E-3E7AEC7B7282}.Debug|x64.ActiveCfg = Debug|Any CPU
		{2B172686-87B2-4512-909E-3E7AEC7B7282}.Debug|x64.Build.0 = Debug|Any CPU
		{2B172686-87B2-4512-909E-3E7AEC7B7282}.Debug|x86.ActiveCfg = Debug|Any CPU
		{2B172686-87B2-4512-909E-3E7AEC7B7282}.Debug|x86.Build.0 = Debug|Any CPU
		{2B172686-87B2-4512-909E-3E7AEC7B7282}.Release|Any CPU.ActiveCfg = Release|Any CPU
		{2B172686-87B2-4512-909E-3E7AEC7B7282}.Release|Any CPU.Build.0 = Release|Any CPU
		{2B172686-87B2-4512-909E-3E7AEC7B7282}.Release|x64.ActiveCfg = Release|Any CPU
		{2B172686-87B2-4512-909E-3E7AEC7B7282}.Release|x64.Build.0 = Release|Any CPU
		{2B172686-87B2-4512-909E-3E7AEC7B7282}.Release|x86.ActiveCfg = Release|Any CPU
		{2B172686-87B2-4512-909E-3E7AEC7B7282}.Release|x86.Build.0 = Release|Any CPU
	EndGlobalSection
	GlobalSection(SolutionProperties) = preSolution
		HideSolutionNode = FALSE
	EndGlobalSection
	GlobalSection(NestedProjects) = preSolution
		{DC917D83-4DB0-4458-BEEC-ECEC5B721FF5} = {0AB3BF05-4346-4AA6-1389-037BE0695223}
		{2B172686-87B2-4512-909E-3E7AEC7B7282} = {0AB3BF05-4346-4AA6-1389-037BE0695223}
	EndGlobalSection
EndGlobal
